<?xml version="1.0" encoding="UTF-8"?>
<Scheme
   LastUpgradeVersion = "1230"
   version = "1.3">
   <BuildAction
      parallelizeBuildables = "YES"
      buildImplicitDependencies = "YES">
      <BuildActionEntries>
         <BuildActionEntry
            buildForTesting = "YES"
            buildForRunning = "YES"
            buildForProfiling = "YES"
            buildForArchiving = "YES"
            buildForAnalyzing = "YES">
            <BuildableReference
               BuildableIdentifier = "primary"
               BlueprintIdentifier = "SwiftStringObfuscator"
               BuildableName = "SwiftStringObfuscator"
               BlueprintName = "SwiftStringObfuscator"
               ReferencedContainer = "container:">
            </BuildableReference>
         </BuildActionEntry>
         <BuildActionEntry
            buildForTesting = "YES"
            buildForRunning = "YES"
            buildForProfiling = "NO"
            buildForArchiving = "NO"
            buildForAnalyzing = "YES">
            <BuildableReference
               BuildableIdentifier = "primary"
               BlueprintIdentifier = "SwiftStringObfuscatorTests"
               BuildableName = "SwiftStringObfuscatorTests"
               BlueprintName = "SwiftStringObfuscatorTests"
               ReferencedContainer = "container:">
            </BuildableReference>
         </BuildActionEntry>
         <BuildActionEntry
            buildForTesting = "YES"
            buildForRunning = "YES"
            buildForProfiling = "YES"
            buildForArchiving = "YES"
            buildForAnalyzing = "YES">
            <BuildableReference
               BuildableIdentifier = "primary"
               BlueprintIdentifier = "SwiftStringObfuscatorCore"
               BuildableName = "SwiftStringObfuscatorCore"
               BlueprintName = "SwiftStringObfuscatorCore"
               ReferencedContainer = "container:">
            </BuildableReference>
         </BuildActionEntry>
      </BuildActionEntries>
   </BuildAction>
   <TestAction
      buildConfiguration = "Debug"
      selectedDebuggerIdentifier = "Xcode.DebuggerFoundation.Debugger.LLDB"
      selectedLauncherIdentifier = "Xcode.DebuggerFoundation.Launcher.LLDB"
      shouldUseLaunchSchemeArgsEnv = "YES">
      <Testables>
         <TestableReference
            skipped = "NO">
            <BuildableReference
               BuildableIdentifier = "primary"
               BlueprintIdentifier = "SwiftStringObfuscatorTests"
               BuildableName = "SwiftStringObfuscatorTests"
               BlueprintName = "SwiftStringObfuscatorTests"
               ReferencedContainer = "container:">
            </BuildableReference>
         </TestableReference>
      </Testables>
   </TestAction>
   <LaunchAction
      buildConfiguration = "Debug"
      selectedDebuggerIdentifier = "Xcode.DebuggerFoundation.Debugger.LLDB"
      selectedLauncherIdentifier = "Xcode.DebuggerFoundation.Launcher.LLDB"
      launchStyle = "0"
      useCustomWorkingDirectory = "NO"
      ignoresPersistentStateOnLaunch = "NO"
      debugDocumentVersioning = "YES"
      debugServiceExtension = "internal"
      allowLocationSimulation = "YES">
      <BuildableProductRunnable
         runnableDebuggingMode = "0">
         <BuildableReference
            BuildableIdentifier = "primary"
            BlueprintIdentifier = "SwiftStringObfuscator"
            BuildableName = "SwiftStringObfuscator"
            BlueprintName = "SwiftStringObfuscator"
            ReferencedContainer = "container:">
         </BuildableReference>
      </BuildableProductRunnable>
      <CommandLineArguments>
         <CommandLineArgument
            argument = "-s /Users/pykaso/sources/string_obfuscator/Sources/SwiftStringObfuscator/sample.swift"
            isEnabled = "YES">
         </CommandLineArgument>
         <CommandLineArgument
            argument = "-t /Users/pykaso/sources/string_obfuscator/Sources/SwiftStringObfuscator/sample.out"
            isEnabled = "YES">
         </CommandLineArgument>
      </CommandLineArguments>
   </LaunchAction>
   <ProfileAction
      buildConfiguration = "Release"
      shouldUseLaunchSchemeArgsEnv = "YES"
      savedToolIdentifier = ""
      useCustomWorkingDirectory = "NO"
      debugDocumentVersioning = "YES">
      <BuildableProductRunnable
         runnableDebuggingMode = "0">
         <BuildableReference
            BuildableIdentifier = "primary"
            BlueprintIdentifier = "SwiftStringObfuscator"
            BuildableName = "SwiftStringObfuscator"
            BlueprintName = "SwiftStringObfuscator"
            ReferencedContainer = "container:">
         </BuildableReference>
      </BuildableProductRunnable>
   </ProfileAction>
   <AnalyzeAction
      buildConfiguration = "Debug">
   </AnalyzeAction>
   <ArchiveAction
      buildConfiguration = "Release"
      revealArchiveInOrganizer = "YES">
   </ArchiveAction>
</Scheme>
